
Microsoft Visual Studio Solution File, Format Version 12.00
# Visual Studio 15
Project("{FAE04EC0-301F-11D3-BF4B-00C04F79EFBC}") = "UnityEngine.TestRunner", "UnityEngine.TestRunner.csproj", "{91F275D9-DBD3-C73F-9C4A-8FD08360B537}"
EndProject
Project("{FAE04EC0-301F-11D3-BF4B-00C04F79EFBC}") = "Unity.Mathematics", "Unity.Mathematics.csproj", "{94AE2FE0-FDC9-AFAB-0BA9-7FB841F8DA00}"
EndProject
Project("{FAE04EC0-301F-11D3-BF4B-00C04F79EFBC}") = "Unity.2D.Animation.Triangle.Runtime", "Unity.2D.Animation.Triangle.Runtime.csproj", "{65584A99-DDB0-4A5B-5F30-D2A317A70203}"
EndProject
Project("{FAE04EC0-301F-11D3-BF4B-00C04F79EFBC}") = "Unity.Timeline", "Unity.Timeline.csproj", "{44B1BB2E-164A-7CD2-C4F5-2373E1B003A4}"
EndProject
Project("{FAE04EC0-301F-11D3-BF4B-00C04F79EFBC}") = "UnityEngine.UI", "UnityEngine.UI.csproj", "{66816707-BBAF-C6E0-D774-319D30BF382B}"
EndProject
Project("{FAE04EC0-301F-11D3-BF4B-00C04F79EFBC}") = "Cinemachine", "Cinemachine.csproj", "{D45A6253-4C18-7DC0-ED0C-4D1839B11BDD}"
EndProject
Project("{FAE04EC0-301F-11D3-BF4B-00C04F79EFBC}") = "Unity.TextMeshPro", "Unity.TextMeshPro.csproj", "{ABBE628F-F064-36DF-D20E-C40F155334B4}"
EndProject
Project("{FAE04EC0-301F-11D3-BF4B-00C04F79EFBC}") = "Unity.2D.Animation.Runtime", "Unity.2D.Animation.Runtime.csproj", "{78BC4F9A-C202-F086-DE29-1BE9694706C4}"
EndProject
Project("{FAE04EC0-301F-11D3-BF4B-00C04F79EFBC}") = "Unity.2D.IK.Runtime", "Unity.2D.IK.Runtime.csproj", "{0E6E1B79-DF2F-FDD7-81C3-D76138B3AE42}"
EndProject
Project("{FAE04EC0-301F-11D3-BF4B-00C04F79EFBC}") = "Assembly-CSharp", "Assembly-CSharp.csproj", "{76CC2997-71DE-3826-2D75-50EC0445297D}"
EndProject
Project("{FAE04EC0-301F-11D3-BF4B-00C04F79EFBC}") = "Unity.2D.SpriteShape.Runtime", "Unity.2D.SpriteShape.Runtime.csproj", "{0C332A67-15C9-DF74-7081-0DDBE5C7265E}"
EndProject
Project("{FAE04EC0-301F-11D3-BF4B-00C04F79EFBC}") = "Unity.2D.PixelPerfect", "Unity.2D.PixelPerfect.csproj", "{963A6B2C-3672-B91A-C602-16458C5FFD01}"
EndProject
Project("{FAE04EC0-301F-11D3-BF4B-00C04F79EFBC}") = "Unity.2D.Common.Runtime", "Unity.2D.Common.Runtime.csproj", "{77C35A47-13BE-6F01-B385-845F7E9FCD57}"
EndProject
Project("{FAE04EC0-301F-11D3-BF4B-00C04F79EFBC}") = "Unity.InternalAPIEngineBridge.001", "Unity.InternalAPIEngineBridge.001.csproj", "{28AD0D03-83D2-AA80-5C19-54D7CC675492}"
EndProject
Project("{FAE04EC0-301F-11D3-BF4B-00C04F79EFBC}") = "UnityEditor.TestRunner", "UnityEditor.TestRunner.csproj", "{849B3654-C13A-1289-093B-B681B3DFD5D3}"
EndProject
Project("{FAE04EC0-301F-11D3-BF4B-00C04F79EFBC}") = "UnityEditor.UI", "UnityEditor.UI.csproj", "{9F938F95-FAB1-64FA-DF8F-6B709E1630CA}"
EndProject
Project("{FAE04EC0-301F-11D3-BF4B-00C04F79EFBC}") = "Unity.Timeline.Editor", "Unity.Timeline.Editor.csproj", "{F7DB6B79-307E-F64D-51A0-0D02CF405A8D}"
EndProject
Project("{FAE04EC0-301F-11D3-BF4B-00C04F79EFBC}") = "Unity.VisualStudio.Editor", "Unity.VisualStudio.Editor.csproj", "{1DC6B3EB-3333-070C-DE51-BD9C87FC737A}"
EndProject
Project("{FAE04EC0-301F-11D3-BF4B-00C04F79EFBC}") = "com.unity.cinemachine.editor", "com.unity.cinemachine.editor.csproj", "{D9EBFD9E-4B92-6383-EDDC-325DC8FA2B3A}"
EndProject
Project("{FAE04EC0-301F-11D3-BF4B-00C04F79EFBC}") = "Unity.2D.Psdimporter.Editor", "Unity.2D.Psdimporter.Editor.csproj", "{98640465-1942-A9A5-4B8D-DF85B5EE4246}"
EndProject
Project("{FAE04EC0-301F-11D3-BF4B-00C04F79EFBC}") = "Unity.2D.Animation.Editor", "Unity.2D.Animation.Editor.csproj", "{1C65E554-8794-C621-74B4-45179A6E31CF}"
EndProject
Project("{FAE04EC0-301F-11D3-BF4B-00C04F79EFBC}") = "Unity.TextMeshPro.Editor", "Unity.TextMeshPro.Editor.csproj", "{93291A76-D5F2-EAA5-869E-05D14D58112D}"
EndProject
Project("{FAE04EC0-301F-11D3-BF4B-00C04F79EFBC}") = "Unity.2D.SpriteShape.Editor", "Unity.2D.SpriteShape.Editor.csproj", "{385FD754-4774-3925-69B7-FE7A9CC418D6}"
EndProject
Project("{FAE04EC0-301F-11D3-BF4B-00C04F79EFBC}") = "Unity.CollabProxy.Editor", "Unity.CollabProxy.Editor.csproj", "{CDB8C4B5-D5D3-7B0B-D727-44AE34EC96A3}"
EndProject
Project("{FAE04EC0-301F-11D3-BF4B-00C04F79EFBC}") = "PsdPlugin", "PsdPlugin.csproj", "{C7B00C57-4387-51A1-9612-2E8FFA3B34C5}"
EndProject
Project("{FAE04EC0-301F-11D3-BF4B-00C04F79EFBC}") = "Unity.2D.Path.Editor", "Unity.2D.Path.Editor.csproj", "{1E120379-33FA-38EB-D142-10C9DB387F14}"
EndProject
Project("{FAE04EC0-301F-11D3-BF4B-00C04F79EFBC}") = "Unity.Rider.Editor", "Unity.Rider.Editor.csproj", "{BAAB631B-55A6-7E8C-4907-FFB59C57106B}"
EndProject
Project("{FAE04EC0-301F-11D3-BF4B-00C04F79EFBC}") = "Unity.2D.IK.Editor", "Unity.2D.IK.Editor.csproj", "{844A44B7-0A0D-6FA1-B574-81FB3894DA9E}"
EndProject
Project("{FAE04EC0-301F-11D3-BF4B-00C04F79EFBC}") = "Unity.2D.Sprite.Editor", "Unity.2D.Sprite.Editor.csproj", "{B132A1F7-C904-2F25-D580-B1410D9EE31A}"
EndProject
Project("{FAE04EC0-301F-11D3-BF4B-00C04F79EFBC}") = "Unity.2D.Tilemap.Editor", "Unity.2D.Tilemap.Editor.csproj", "{6CC2AF56-EB04-2F95-2205-4F21F9B6E1FF}"
EndProject
Project("{FAE04EC0-301F-11D3-BF4B-00C04F79EFBC}") = "Unity.2D.PixelPerfect.Editor", "Unity.2D.PixelPerfect.Editor.csproj", "{429AAD55-7F4C-6C3A-B8D5-AE6F5A8770FE}"
EndProject
Project("{FAE04EC0-301F-11D3-BF4B-00C04F79EFBC}") = "Unity.VSCode.Editor", "Unity.VSCode.Editor.csproj", "{9FBE1A98-7D46-1139-C0B9-2A8C4B7CD997}"
EndProject
Project("{FAE04EC0-301F-11D3-BF4B-00C04F79EFBC}") = "Unity.2D.Common.Editor", "Unity.2D.Common.Editor.csproj", "{E52E117D-5A77-5A5F-702D-8D9A97C25E25}"
EndProject
Project("{FAE04EC0-301F-11D3-BF4B-00C04F79EFBC}") = "Unity.Mathematics.Editor", "Unity.Mathematics.Editor.csproj", "{3A406CCB-E150-D6C3-0C6B-05FC8A0107D3}"
EndProject
Project("{FAE04EC0-301F-11D3-BF4B-00C04F79EFBC}") = "Unity.InternalAPIEditorBridge.001", "Unity.InternalAPIEditorBridge.001.csproj", "{2C41179D-63B8-2279-26AA-204045029641}"
EndProject
Project("{FAE04EC0-301F-11D3-BF4B-00C04F79EFBC}") = "UnityEngine.TestRunner", "UnityEngine.TestRunner.Player.csproj", "{BC300162-2B78-372A-BC72-4CFBD7F6499E}"
EndProject
Project("{FAE04EC0-301F-11D3-BF4B-00C04F79EFBC}") = "Unity.Mathematics", "Unity.Mathematics.Player.csproj", "{B7C0AD6C-A86F-FC39-257B-5C2693B042C4}"
EndProject
Project("{FAE04EC0-301F-11D3-BF4B-00C04F79EFBC}") = "Unity.2D.Animation.Triangle.Runtime", "Unity.2D.Animation.Triangle.Runtime.Player.csproj", "{22E87AA9-80B1-DB7D-16CF-C68C9208261E}"
EndProject
Project("{FAE04EC0-301F-11D3-BF4B-00C04F79EFBC}") = "Unity.Timeline", "Unity.Timeline.Player.csproj", "{3AC679DD-E173-3E3E-DE81-A6A63BAAE3CD}"
EndProject
Project("{FAE04EC0-301F-11D3-BF4B-00C04F79EFBC}") = "UnityEngine.UI", "UnityEngine.UI.Player.csproj", "{81FADAC5-A177-0EEC-644A-A75627873CCA}"
EndProject
Project("{FAE04EC0-301F-11D3-BF4B-00C04F79EFBC}") = "Cinemachine", "Cinemachine.Player.csproj", "{CE06E47A-8C85-0646-4B37-2FC4C3C9B6B1}"
EndProject
Project("{FAE04EC0-301F-11D3-BF4B-00C04F79EFBC}") = "Unity.TextMeshPro", "Unity.TextMeshPro.Player.csproj", "{C6212BC4-093F-C2B4-ED96-0A6B6F0DC04F}"
EndProject
Project("{FAE04EC0-301F-11D3-BF4B-00C04F79EFBC}") = "Unity.2D.Animation.Runtime", "Unity.2D.Animation.Runtime.Player.csproj", "{C0C7AE78-9062-0C9D-271E-777B11611211}"
EndProject
Project("{FAE04EC0-301F-11D3-BF4B-00C04F79EFBC}") = "Unity.2D.IK.Runtime", "Unity.2D.IK.Runtime.Player.csproj", "{A9033F1A-ED69-E4D8-8C97-2435E705D606}"
EndProject
Project("{FAE04EC0-301F-11D3-BF4B-00C04F79EFBC}") = "Assembly-CSharp", "Assembly-CSharp.Player.csproj", "{50B9F6CA-E33F-1547-D826-47C40CE9DCAF}"
EndProject
Project("{FAE04EC0-301F-11D3-BF4B-00C04F79EFBC}") = "Unity.2D.SpriteShape.Runtime", "Unity.2D.SpriteShape.Runtime.Player.csproj", "{28BF89CC-752C-A873-EFF5-AC8F0CF1B2FB}"
EndProject
Project("{FAE04EC0-301F-11D3-BF4B-00C04F79EFBC}") = "Unity.2D.PixelPerfect", "Unity.2D.PixelPerfect.Player.csproj", "{0BF494ED-3828-AC16-EE4D-155436DA9159}"
EndProject
Project("{FAE04EC0-301F-11D3-BF4B-00C04F79EFBC}") = "Unity.2D.Common.Runtime", "Unity.2D.Common.Runtime.Player.csproj", "{C2A1795C-3EB6-75FD-26DD-BA68D410CBAB}"
EndProject
Project("{FAE04EC0-301F-11D3-BF4B-00C04F79EFBC}") = "Unity.InternalAPIEngineBridge.001", "Unity.InternalAPIEngineBridge.001.Player.csproj", "{7D310B67-058E-897F-441E-451E986E4934}"
EndProject
Global
	GlobalSection(SolutionConfigurationPlatforms) = preSolution
		Debug|Any CPU = Debug|Any CPU
		Release|Any CPU = Release|Any CPU
	EndGlobalSection
	GlobalSection(ProjectConfigurationPlatforms) = postSolution
		{91F275D9-DBD3-C73F-9C4A-8FD08360B537}.Debug|Any CPU.ActiveCfg = Debug|Any CPU
		{91F275D9-DBD3-C73F-9C4A-8FD08360B537}.Debug|Any CPU.Build.0 = Debug|Any CPU
		{91F275D9-DBD3-C73F-9C4A-8FD08360B537}.Release|Any CPU.ActiveCfg = Release|Any CPU
		{91F275D9-DBD3-C73F-9C4A-8FD08360B537}.Release|Any CPU.Build.0 = Release|Any CPU
		{94AE2FE0-FDC9-AFAB-0BA9-7FB841F8DA00}.Debug|Any CPU.ActiveCfg = Debug|Any CPU
		{94AE2FE0-FDC9-AFAB-0BA9-7FB841F8DA00}.Debug|Any CPU.Build.0 = Debug|Any CPU
		{94AE2FE0-FDC9-AFAB-0BA9-7FB841F8DA00}.Release|Any CPU.ActiveCfg = Release|Any CPU
		{94AE2FE0-FDC9-AFAB-0BA9-7FB841F8DA00}.Release|Any CPU.Build.0 = Release|Any CPU
		{65584A99-DDB0-4A5B-5F30-D2A317A70203}.Debug|Any CPU.ActiveCfg = Debug|Any CPU
		{65584A99-DDB0-4A5B-5F30-D2A317A70203}.Debug|Any CPU.Build.0 = Debug|Any CPU
		{65584A99-DDB0-4A5B-5F30-D2A317A70203}.Release|Any CPU.ActiveCfg = Release|Any CPU
		{65584A99-DDB0-4A5B-5F30-D2A317A70203}.Release|Any CPU.Build.0 = Release|Any CPU
		{44B1BB2E-164A-7CD2-C4F5-2373E1B003A4}.Debug|Any CPU.ActiveCfg = Debug|Any CPU
		{44B1BB2E-164A-7CD2-C4F5-2373E1B003A4}.Debug|Any CPU.Build.0 = Debug|Any CPU
		{44B1BB2E-164A-7CD2-C4F5-2373E1B003A4}.Release|Any CPU.ActiveCfg = Release|Any CPU
		{44B1BB2E-164A-7CD2-C4F5-2373E1B003A4}.Release|Any CPU.Build.0 = Release|Any CPU
		{66816707-BBAF-C6E0-D774-319D30BF382B}.Debug|Any CPU.ActiveCfg = Debug|Any CPU
		{66816707-BBAF-C6E0-D774-319D30BF382B}.Debug|Any CPU.Build.0 = Debug|Any CPU
		{66816707-BBAF-C6E0-D774-319D30BF382B}.Release|Any CPU.ActiveCfg = Release|Any CPU
		{66816707-BBAF-C6E0-D774-319D30BF382B}.Release|Any CPU.Build.0 = Release|Any CPU
		{D45A6253-4C18-7DC0-ED0C-4D1839B11BDD}.Debug|Any CPU.ActiveCfg = Debug|Any CPU
		{D45A6253-4C18-7DC0-ED0C-4D1839B11BDD}.Debug|Any CPU.Build.0 = Debug|Any CPU
		{D45A6253-4C18-7DC0-ED0C-4D1839B11BDD}.Release|Any CPU.ActiveCfg = Release|Any CPU
		{D45A6253-4C18-7DC0-ED0C-4D1839B11BDD}.Release|Any CPU.Build.0 = Release|Any CPU
		{ABBE628F-F064-36DF-D20E-C40F155334B4}.Debug|Any CPU.ActiveCfg = Debug|Any CPU
		{ABBE628F-F064-36DF-D20E-C40F155334B4}.Debug|Any CPU.Build.0 = Debug|Any CPU
		{ABBE628F-F064-36DF-D20E-C40F155334B4}.Release|Any CPU.ActiveCfg = Release|Any CPU
		{ABBE628F-F064-36DF-D20E-C40F155334B4}.Release|Any CPU.Build.0 = Release|Any CPU
		{78BC4F9A-C202-F086-DE29-1BE9694706C4}.Debug|Any CPU.ActiveCfg = Debug|Any CPU
		{78BC4F9A-C202-F086-DE29-1BE9694706C4}.Debug|Any CPU.Build.0 = Debug|Any CPU
		{78BC4F9A-C202-F086-DE29-1BE9694706C4}.Release|Any CPU.ActiveCfg = Release|Any CPU
		{78BC4F9A-C202-F086-DE29-1BE9694706C4}.Release|Any CPU.Build.0 = Release|Any CPU
		{0E6E1B79-DF2F-FDD7-81C3-D76138B3AE42}.Debug|Any CPU.ActiveCfg = Debug|Any CPU
		{0E6E1B79-DF2F-FDD7-81C3-D76138B3AE42}.Debug|Any CPU.Build.0 = Debug|Any CPU
		{0E6E1B79-DF2F-FDD7-81C3-D76138B3AE42}.Release|Any CPU.ActiveCfg = Release|Any CPU
		{0E6E1B79-DF2F-FDD7-81C3-D76138B3AE42}.Release|Any CPU.Build.0 = Release|Any CPU
		{76CC2997-71DE-3826-2D75-50EC0445297D}.Debug|Any CPU.ActiveCfg = Debug|Any CPU
		{76CC2997-71DE-3826-2D75-50EC0445297D}.Debug|Any CPU.Build.0 = Debug|Any CPU
		{76CC2997-71DE-3826-2D75-50EC0445297D}.Release|Any CPU.ActiveCfg = Release|Any CPU
		{76CC2997-71DE-3826-2D75-50EC0445297D}.Release|Any CPU.Build.0 = Release|Any CPU
		{0C332A67-15C9-DF74-7081-0DDBE5C7265E}.Debug|Any CPU.ActiveCfg = Debug|Any CPU
		{0C332A67-15C9-DF74-7081-0DDBE5C7265E}.Debug|Any CPU.Build.0 = Debug|Any CPU
		{0C332A67-15C9-DF74-7081-0DDBE5C7265E}.Release|Any CPU.ActiveCfg = Release|Any CPU
		{0C332A67-15C9-DF74-7081-0DDBE5C7265E}.Release|Any CPU.Build.0 = Release|Any CPU
		{963A6B2C-3672-B91A-C602-16458C5FFD01}.Debug|Any CPU.ActiveCfg = Debug|Any CPU
		{963A6B2C-3672-B91A-C602-16458C5FFD01}.Debug|Any CPU.Build.0 = Debug|Any CPU
		{963A6B2C-3672-B91A-C602-16458C5FFD01}.Release|Any CPU.ActiveCfg = Release|Any CPU
		{963A6B2C-3672-B91A-C602-16458C5FFD01}.Release|Any CPU.Build.0 = Release|Any CPU
		{77C35A47-13BE-6F01-B385-845F7E9FCD57}.Debug|Any CPU.ActiveCfg = Debug|Any CPU
		{77C35A47-13BE-6F01-B385-845F7E9FCD57}.Debug|Any CPU.Build.0 = Debug|Any CPU
		{77C35A47-13BE-6F01-B385-845F7E9FCD57}.Release|Any CPU.ActiveCfg = Release|Any CPU
		{77C35A47-13BE-6F01-B385-845F7E9FCD57}.Release|Any CPU.Build.0 = Release|Any CPU
		{28AD0D03-83D2-AA80-5C19-54D7CC675492}.Debug|Any CPU.ActiveCfg = Debug|Any CPU
		{28AD0D03-83D2-AA80-5C19-54D7CC675492}.Debug|Any CPU.Build.0 = Debug|Any CPU
		{28AD0D03-83D2-AA80-5C19-54D7CC675492}.Release|Any CPU.ActiveCfg = Release|Any CPU
		{28AD0D03-83D2-AA80-5C19-54D7CC675492}.Release|Any CPU.Build.0 = Release|Any CPU
		{849B3654-C13A-1289-093B-B681B3DFD5D3}.Debug|Any CPU.ActiveCfg = Debug|Any CPU
		{849B3654-C13A-1289-093B-B681B3DFD5D3}.Debug|Any CPU.Build.0 = Debug|Any CPU
		{849B3654-C13A-1289-093B-B681B3DFD5D3}.Release|Any CPU.ActiveCfg = Release|Any CPU
		{849B3654-C13A-1289-093B-B681B3DFD5D3}.Release|Any CPU.Build.0 = Release|Any CPU
		{9F938F95-FAB1-64FA-DF8F-6B709E1630CA}.Debug|Any CPU.ActiveCfg = Debug|Any CPU
		{9F938F95-FAB1-64FA-DF8F-6B709E1630CA}.Debug|Any CPU.Build.0 = Debug|Any CPU
		{9F938F95-FAB1-64FA-DF8F-6B709E1630CA}.Release|Any CPU.ActiveCfg = Release|Any CPU
		{9F938F95-FAB1-64FA-DF8F-6B709E1630CA}.Release|Any CPU.Build.0 = Release|Any CPU
		{F7DB6B79-307E-F64D-51A0-0D02CF405A8D}.Debug|Any CPU.ActiveCfg = Debug|Any CPU
		{F7DB6B79-307E-F64D-51A0-0D02CF405A8D}.Debug|Any CPU.Build.0 = Debug|Any CPU
		{F7DB6B79-307E-F64D-51A0-0D02CF405A8D}.Release|Any CPU.ActiveCfg = Release|Any CPU
		{F7DB6B79-307E-F64D-51A0-0D02CF405A8D}.Release|Any CPU.Build.0 = Release|Any CPU
		{1DC6B3EB-3333-070C-DE51-BD9C87FC737A}.Debug|Any CPU.ActiveCfg = Debug|Any CPU
		{1DC6B3EB-3333-070C-DE51-BD9C87FC737A}.Debug|Any CPU.Build.0 = Debug|Any CPU
		{1DC6B3EB-3333-070C-DE51-BD9C87FC737A}.Release|Any CPU.ActiveCfg = Release|Any CPU
		{1DC6B3EB-3333-070C-DE51-BD9C87FC737A}.Release|Any CPU.Build.0 = Release|Any CPU
		{D9EBFD9E-4B92-6383-EDDC-325DC8FA2B3A}.Debug|Any CPU.ActiveCfg = Debug|Any CPU
		{D9EBFD9E-4B92-6383-EDDC-325DC8FA2B3A}.Debug|Any CPU.Build.0 = Debug|Any CPU
		{D9EBFD9E-4B92-6383-EDDC-325DC8FA2B3A}.Release|Any CPU.ActiveCfg = Release|Any CPU
		{D9EBFD9E-4B92-6383-EDDC-325DC8FA2B3A}.Release|Any CPU.Build.0 = Release|Any CPU
		{98640465-1942-A9A5-4B8D-DF85B5EE4246}.Debug|Any CPU.ActiveCfg = Debug|Any CPU
		{98640465-1942-A9A5-4B8D-DF85B5EE4246}.Debug|Any CPU.Build.0 = Debug|Any CPU
		{98640465-1942-A9A5-4B8D-DF85B5EE4246}.Release|Any CPU.ActiveCfg = Release|Any CPU
		{98640465-1942-A9A5-4B8D-DF85B5EE4246}.Release|Any CPU.Build.0 = Release|Any CPU
		{1C65E554-8794-C621-74B4-45179A6E31CF}.Debug|Any CPU.ActiveCfg = Debug|Any CPU
		{1C65E554-8794-C621-74B4-45179A6E31CF}.Debug|Any CPU.Build.0 = Debug|Any CPU
		{1C65E554-8794-C621-74B4-45179A6E31CF}.Release|Any CPU.ActiveCfg = Release|Any CPU
		{1C65E554-8794-C621-74B4-45179A6E31CF}.Release|Any CPU.Build.0 = Release|Any CPU
		{93291A76-D5F2-EAA5-869E-05D14D58112D}.Debug|Any CPU.ActiveCfg = Debug|Any CPU
		{93291A76-D5F2-EAA5-869E-05D14D58112D}.Debug|Any CPU.Build.0 = Debug|Any CPU
		{93291A76-D5F2-EAA5-869E-05D14D58112D}.Release|Any CPU.ActiveCfg = Release|Any CPU
		{93291A76-D5F2-EAA5-869E-05D14D58112D}.Release|Any CPU.Build.0 = Release|Any CPU
		{385FD754-4774-3925-69B7-FE7A9CC418D6}.Debug|Any CPU.ActiveCfg = Debug|Any CPU
		{385FD754-4774-3925-69B7-FE7A9CC418D6}.Debug|Any CPU.Build.0 = Debug|Any CPU
		{385FD754-4774-3925-69B7-FE7A9CC418D6}.Release|Any CPU.ActiveCfg = Release|Any CPU
		{385FD754-4774-3925-69B7-FE7A9CC418D6}.Release|Any CPU.Build.0 = Release|Any CPU
		{CDB8C4B5-D5D3-7B0B-D727-44AE34EC96A3}.Debug|Any CPU.ActiveCfg = Debug|Any CPU
		{CDB8C4B5-D5D3-7B0B-D727-44AE34EC96A3}.Debug|Any CPU.Build.0 = Debug|Any CPU
		{CDB8C4B5-D5D3-7B0B-D727-44AE34EC96A3}.Release|Any CPU.ActiveCfg = Release|Any CPU
		{CDB8C4B5-D5D3-7B0B-D727-44AE34EC96A3}.Release|Any CPU.Build.0 = Release|Any CPU
		{C7B00C57-4387-51A1-9612-2E8FFA3B34C5}.Debug|Any CPU.ActiveCfg = Debug|Any CPU
		{C7B00C57-4387-51A1-9612-2E8FFA3B34C5}.Debug|Any CPU.Build.0 = Debug|Any CPU
		{C7B00C57-4387-51A1-9612-2E8FFA3B34C5}.Release|Any CPU.ActiveCfg = Release|Any CPU
		{C7B00C57-4387-51A1-9612-2E8FFA3B34C5}.Release|Any CPU.Build.0 = Release|Any CPU
		{1E120379-33FA-38EB-D142-10C9DB387F14}.Debug|Any CPU.ActiveCfg = Debug|Any CPU
		{1E120379-33FA-38EB-D142-10C9DB387F14}.Debug|Any CPU.Build.0 = Debug|Any CPU
		{1E120379-33FA-38EB-D142-10C9DB387F14}.Release|Any CPU.ActiveCfg = Release|Any CPU
		{1E120379-33FA-38EB-D142-10C9DB387F14}.Release|Any CPU.Build.0 = Release|Any CPU
		{BAAB631B-55A6-7E8C-4907-FFB59C57106B}.Debug|Any CPU.ActiveCfg = Debug|Any CPU
		{BAAB631B-55A6-7E8C-4907-FFB59C57106B}.Debug|Any CPU.Build.0 = Debug|Any CPU
		{BAAB631B-55A6-7E8C-4907-FFB59C57106B}.Release|Any CPU.ActiveCfg = Release|Any CPU
		{BAAB631B-55A6-7E8C-4907-FFB59C57106B}.Release|Any CPU.Build.0 = Release|Any CPU
		{844A44B7-0A0D-6FA1-B574-81FB3894DA9E}.Debug|Any CPU.ActiveCfg = Debug|Any CPU
		{844A44B7-0A0D-6FA1-B574-81FB3894DA9E}.Debug|Any CPU.Build.0 = Debug|Any CPU
		{844A44B7-0A0D-6FA1-B574-81FB3894DA9E}.Release|Any CPU.ActiveCfg = Release|Any CPU
		{844A44B7-0A0D-6FA1-B574-81FB3894DA9E}.Release|Any CPU.Build.0 = Release|Any CPU
		{B132A1F7-C904-2F25-D580-B1410D9EE31A}.Debug|Any CPU.ActiveCfg = Debug|Any CPU
		{B132A1F7-C904-2F25-D580-B1410D9EE31A}.Debug|Any CPU.Build.0 = Debug|Any CPU
		{B132A1F7-C904-2F25-D580-B1410D9EE31A}.Release|Any CPU.ActiveCfg = Release|Any CPU
		{B132A1F7-C904-2F25-D580-B1410D9EE31A}.Release|Any CPU.Build.0 = Release|Any CPU
		{6CC2AF56-EB04-2F95-2205-4F21F9B6E1FF}.Debug|Any CPU.ActiveCfg = Debug|Any CPU
		{6CC2AF56-EB04-2F95-2205-4F21F9B6E1FF}.Debug|Any CPU.Build.0 = Debug|Any CPU
		{6CC2AF56-EB04-2F95-2205-4F21F9B6E1FF}.Release|Any CPU.ActiveCfg = Release|Any CPU
		{6CC2AF56-EB04-2F95-2205-4F21F9B6E1FF}.Release|Any CPU.Build.0 = Release|Any CPU
		{429AAD55-7F4C-6C3A-B8D5-AE6F5A8770FE}.Debug|Any CPU.ActiveCfg = Debug|Any CPU
		{429AAD55-7F4C-6C3A-B8D5-AE6F5A8770FE}.Debug|Any CPU.Build.0 = Debug|Any CPU
		{429AAD55-7F4C-6C3A-B8D5-AE6F5A8770FE}.Release|Any CPU.ActiveCfg = Release|Any CPU
		{429AAD55-7F4C-6C3A-B8D5-AE6F5A8770FE}.Release|Any CPU.Build.0 = Release|Any CPU
		{9FBE1A98-7D46-1139-C0B9-2A8C4B7CD997}.Debug|Any CPU.ActiveCfg = Debug|Any CPU
		{9FBE1A98-7D46-1139-C0B9-2A8C4B7CD997}.Debug|Any CPU.Build.0 = Debug|Any CPU
		{9FBE1A98-7D46-1139-C0B9-2A8C4B7CD997}.Release|Any CPU.ActiveCfg = Release|Any CPU
		{9FBE1A98-7D46-1139-C0B9-2A8C4B7CD997}.Release|Any CPU.Build.0 = Release|Any CPU
		{E52E117D-5A77-5A5F-702D-8D9A97C25E25}.Debug|Any CPU.ActiveCfg = Debug|Any CPU
		{E52E117D-5A77-5A5F-702D-8D9A97C25E25}.Debug|Any CPU.Build.0 = Debug|Any CPU
		{E52E117D-5A77-5A5F-702D-8D9A97C25E25}.Release|Any CPU.ActiveCfg = Release|Any CPU
		{E52E117D-5A77-5A5F-702D-8D9A97C25E25}.Release|Any CPU.Build.0 = Release|Any CPU
		{3A406CCB-E150-D6C3-0C6B-05FC8A0107D3}.Debug|Any CPU.ActiveCfg = Debug|Any CPU
		{3A406CCB-E150-D6C3-0C6B-05FC8A0107D3}.Debug|Any CPU.Build.0 = Debug|Any CPU
		{3A406CCB-E150-D6C3-0C6B-05FC8A0107D3}.Release|Any CPU.ActiveCfg = Release|Any CPU
		{3A406CCB-E150-D6C3-0C6B-05FC8A0107D3}.Release|Any CPU.Build.0 = Release|Any CPU
		{2C41179D-63B8-2279-26AA-204045029641}.Debug|Any CPU.ActiveCfg = Debug|Any CPU
		{2C41179D-63B8-2279-26AA-204045029641}.Debug|Any CPU.Build.0 = Debug|Any CPU
		{2C41179D-63B8-2279-26AA-204045029641}.Release|Any CPU.ActiveCfg = Release|Any CPU
		{2C41179D-63B8-2279-26AA-204045029641}.Release|Any CPU.Build.0 = Release|Any CPU
		{BC300162-2B78-372A-BC72-4CFBD7F6499E}.Debug|Any CPU.ActiveCfg = Debug|Any CPU
		{BC300162-2B78-372A-BC72-4CFBD7F6499E}.Debug|Any CPU.Build.0 = Debug|Any CPU
		{BC300162-2B78-372A-BC72-4CFBD7F6499E}.Release|Any CPU.ActiveCfg = Release|Any CPU
		{BC300162-2B78-372A-BC72-4CFBD7F6499E}.Release|Any CPU.Build.0 = Release|Any CPU
		{B7C0AD6C-A86F-FC39-257B-5C2693B042C4}.Debug|Any CPU.ActiveCfg = Debug|Any CPU
		{B7C0AD6C-A86F-FC39-257B-5C2693B042C4}.Debug|Any CPU.Build.0 = Debug|Any CPU
		{B7C0AD6C-A86F-FC39-257B-5C2693B042C4}.Release|Any CPU.ActiveCfg = Release|Any CPU
		{B7C0AD6C-A86F-FC39-257B-5C2693B042C4}.Release|Any CPU.Build.0 = Release|Any CPU
		{22E87AA9-80B1-DB7D-16CF-C68C9208261E}.Debug|Any CPU.ActiveCfg = Debug|Any CPU
		{22E87AA9-80B1-DB7D-16CF-C68C9208261E}.Debug|Any CPU.Build.0 = Debug|Any CPU
		{22E87AA9-80B1-DB7D-16CF-C68C9208261E}.Release|Any CPU.ActiveCfg = Release|Any CPU
		{22E87AA9-80B1-DB7D-16CF-C68C9208261E}.Release|Any CPU.Build.0 = Release|Any CPU
		{3AC679DD-E173-3E3E-DE81-A6A63BAAE3CD}.Debug|Any CPU.ActiveCfg = Debug|Any CPU
		{3AC679DD-E173-3E3E-DE81-A6A63BAAE3CD}.Debug|Any CPU.Build.0 = Debug|Any CPU
		{3AC679DD-E173-3E3E-DE81-A6A63BAAE3CD}.Release|Any CPU.ActiveCfg = Release|Any CPU
		{3AC679DD-E173-3E3E-DE81-A6A63BAAE3CD}.Release|Any CPU.Build.0 = Release|Any CPU
		{81FADAC5-A177-0EEC-644A-A75627873CCA}.Debug|Any CPU.ActiveCfg = Debug|Any CPU
		{81FADAC5-A177-0EEC-644A-A75627873CCA}.Debug|Any CPU.Build.0 = Debug|Any CPU
		{81FADAC5-A177-0EEC-644A-A75627873CCA}.Release|Any CPU.ActiveCfg = Release|Any CPU
		{81FADAC5-A177-0EEC-644A-A75627873CCA}.Release|Any CPU.Build.0 = Release|Any CPU
		{CE06E47A-8C85-0646-4B37-2FC4C3C9B6B1}.Debug|Any CPU.ActiveCfg = Debug|Any CPU
		{CE06E47A-8C85-0646-4B37-2FC4C3C9B6B1}.Debug|Any CPU.Build.0 = Debug|Any CPU
		{CE06E47A-8C85-0646-4B37-2FC4C3C9B6B1}.Release|Any CPU.ActiveCfg = Release|Any CPU
		{CE06E47A-8C85-0646-4B37-2FC4C3C9B6B1}.Release|Any CPU.Build.0 = Release|Any CPU
		{C6212BC4-093F-C2B4-ED96-0A6B6F0DC04F}.Debug|Any CPU.ActiveCfg = Debug|Any CPU
		{C6212BC4-093F-C2B4-ED96-0A6B6F0DC04F}.Debug|Any CPU.Build.0 = Debug|Any CPU
		{C6212BC4-093F-C2B4-ED96-0A6B6F0DC04F}.Release|Any CPU.ActiveCfg = Release|Any CPU
		{C6212BC4-093F-C2B4-ED96-0A6B6F0DC04F}.Release|Any CPU.Build.0 = Release|Any CPU
		{C0C7AE78-9062-0C9D-271E-777B11611211}.Debug|Any CPU.ActiveCfg = Debug|Any CPU
		{C0C7AE78-9062-0C9D-271E-777B11611211}.Debug|Any CPU.Build.0 = Debug|Any CPU
		{C0C7AE78-9062-0C9D-271E-777B11611211}.Release|Any CPU.ActiveCfg = Release|Any CPU
		{C0C7AE78-9062-0C9D-271E-777B11611211}.Release|Any CPU.Build.0 = Release|Any CPU
		{A9033F1A-ED69-E4D8-8C97-2435E705D606}.Debug|Any CPU.ActiveCfg = Debug|Any CPU
		{A9033F1A-ED69-E4D8-8C97-2435E705D606}.Debug|Any CPU.Build.0 = Debug|Any CPU
		{A9033F1A-ED69-E4D8-8C97-2435E705D606}.Release|Any CPU.ActiveCfg = Release|Any CPU
		{A9033F1A-ED69-E4D8-8C97-2435E705D606}.Release|Any CPU.Build.0 = Release|Any CPU
		{50B9F6CA-E33F-1547-D826-47C40CE9DCAF}.Debug|Any CPU.ActiveCfg = Debug|Any CPU
		{50B9F6CA-E33F-1547-D826-47C40CE9DCAF}.Debug|Any CPU.Build.0 = Debug|Any CPU
		{50B9F6CA-E33F-1547-D826-47C40CE9DCAF}.Release|Any CPU.ActiveCfg = Release|Any CPU
		{50B9F6CA-E33F-1547-D826-47C40CE9DCAF}.Release|Any CPU.Build.0 = Release|Any CPU
		{28BF89CC-752C-A873-EFF5-AC8F0CF1B2FB}.Debug|Any CPU.ActiveCfg = Debug|Any CPU
		{28BF89CC-752C-A873-EFF5-AC8F0CF1B2FB}.Debug|Any CPU.Build.0 = Debug|Any CPU
		{28BF89CC-752C-A873-EFF5-AC8F0CF1B2FB}.Release|Any CPU.ActiveCfg = Release|Any CPU
		{28BF89CC-752C-A873-EFF5-AC8F0CF1B2FB}.Release|Any CPU.Build.0 = Release|Any CPU
		{0BF494ED-3828-AC16-EE4D-155436DA9159}.Debug|Any CPU.ActiveCfg = Debug|Any CPU
		{0BF494ED-3828-AC16-EE4D-155436DA9159}.Debug|Any CPU.Build.0 = Debug|Any CPU
		{0BF494ED-3828-AC16-EE4D-155436DA9159}.Release|Any CPU.ActiveCfg = Release|Any CPU
		{0BF494ED-3828-AC16-EE4D-155436DA9159}.Release|Any CPU.Build.0 = Release|Any CPU
		{C2A1795C-3EB6-75FD-26DD-BA68D410CBAB}.Debug|Any CPU.ActiveCfg = Debug|Any CPU
		{C2A1795C-3EB6-75FD-26DD-BA68D410CBAB}.Debug|Any CPU.Build.0 = Debug|Any CPU
		{C2A1795C-3EB6-75FD-26DD-BA68D410CBAB}.Release|Any CPU.ActiveCfg = Release|Any CPU
		{C2A1795C-3EB6-75FD-26DD-BA68D410CBAB}.Release|Any CPU.Build.0 = Release|Any CPU
		{7D310B67-058E-897F-441E-451E986E4934}.Debug|Any CPU.ActiveCfg = Debug|Any CPU
		{7D310B67-058E-897F-441E-451E986E4934}.Debug|Any CPU.Build.0 = Debug|Any CPU
		{7D310B67-058E-897F-441E-451E986E4934}.Release|Any CPU.ActiveCfg = Release|Any CPU
		{7D310B67-058E-897F-441E-451E986E4934}.Release|Any CPU.Build.0 = Release|Any CPU
	EndGlobalSection
	GlobalSection(SolutionProperties) = preSolution
		HideSolutionNode = FALSE
	EndGlobalSection
EndGlobal
